{
  "name": "belive-feed-bot",
  "version": "1.0.0",
  "lockfileVersion": 3,
  "requires": true,
  "packages": {
    "": {
      "name": "belive-feed-bot",
      "version": "1.0.0",
      "devDependencies": {
        "@cloudflare/workers-types": "^4.20260613.1"
      }
    },
    "node_modules/@cloudflare/workers-types": {
      "version": "4.20260613.1",
      "resolved": "https://registry.npmjs.org/@cloudflare/workers-types/-/workers-types-4.20260613.1.tgz",
      "integrity": "sha512-1mrgjE6epolwBhroeGAp5ud5H6Vyi6tl1o/NP0T4rXJ8bmEjmhHnbCzAhHTDHV0PIeip43wcuzHKJarvaGTaUA==",
      "dev": true,
      "license": "MIT OR Apache-2.0"
    }
  }
}
